
Microsoft Visual Studio Solution File, Format Version 12.00
# Visual Studio Version 16
VisualStudioVersion = 16.0.30907.101
MinimumVisualStudioVersion = 10.0.40219.1
Project("{FAE04EC0-301F-11D3-BF4B-00C04F79EFBC}") = "InterfacesDemo", "InterfacesDemo\InterfacesDemo.csproj", "{420484DF-D701-4F65-BA84-0F12F948079A}"
EndProject
Project("{FAE04EC0-301F-11D3-BF4B-00C04F79EFBC}") = "Inheritance", "Inheritance\Inheritance.csproj", "{6903BCA5-E2B1-46F9-92AA-EBEF16B878DF}"
EndProject
Global
	GlobalSection(SolutionConfigurationPlatforms) = preSolution
		Debug|Any CPU = Debug|Any CPU
		Release|Any CPU = Release|Any CPU
	EndGlobalSection
	GlobalSection(ProjectConfigurationPlatforms) = postSolution
		{420484DF-D701-4F65-BA84-0F12F948079A}.Debug|Any CPU.ActiveCfg = Debug|Any CPU
		{420484DF-D701-4F65-BA84-0F12F948079A}.Debug|Any CPU.Build.0 = Debug|Any CPU
		{420484DF-D701-4F65-BA84-0F12F948079A}.Release|Any CPU.ActiveCfg = Release|Any CPU
		{420484DF-D701-4F65-BA84-0F12F948079A}.Release|Any CPU.Build.0 = Release|Any CPU
		{6903BCA5-E2B1-46F9-92AA-EBEF16B878DF}.Debug|Any CPU.ActiveCfg = Debug|Any CPU
		{6903BCA5-E2B1-46F9-92AA-EBEF16B878DF}.Debug|Any CPU.Build.0 = Debug|Any CPU
		{6903BCA5-E2B1-46F9-92AA-EBEF16B878DF}.Release|Any CPU.ActiveCfg = Release|Any CPU
		{6903BCA5-E2B1-46F9-92AA-EBEF16B878DF}.Release|Any CPU.Build.0 = Release|Any CPU
	EndGlobalSection
	GlobalSection(SolutionProperties) = preSolution
		HideSolutionNode = FALSE
	EndGlobalSection
	GlobalSection(ExtensibilityGlobals) = postSolution
		SolutionGuid = {64308517-CB03-4A14-AF65-56DD047113DB}
	EndGlobalSection
EndGlobal
